// !$*UTF8*$!
{
	archiveVersion = 1;
	classes = {
	};
	objectVersion = 51;
	objects = {

/* Begin PBXBuildFile section */
		1CE67A3822F5798000ADE875 /* AppDelegate.swift in Sources */ = {isa = PBXBuildFile; fileRef = 1CE67A3722F5798000ADE875 /* AppDelegate.swift */; };
		1CE67A3A22F5798000ADE875 /* SplashViewController.swift in Sources */ = {isa = PBXBuildFile; fileRef = 1CE67A3922F5798000ADE875 /* SplashViewController.swift */; };
		1CE67A3D22F5798000ADE875 /* Main.storyboard in Resources */ = {isa = PBXBuildFile; fileRef = 1CE67A3B22F5798000ADE875 /* Main.storyboard */; };
		1CE67A3F22F5798200ADE875 /* Assets.xcassets in Resources */ = {isa = PBXBuildFile; fileRef = 1CE67A3E22F5798200ADE875 /* Assets.xcassets */; };
		1CE67A4222F5798200ADE875 /* LaunchScreen.storyboard in Resources */ = {isa = PBXBuildFile; fileRef = 1CE67A4022F5798200ADE875 /* LaunchScreen.storyboard */; };
		1CE67A4D22F5798200ADE875 /* DemoProjectTests.swift in Sources */ = {isa = PBXBuildFile; fileRef = 1CE67A4C22F5798200ADE875 /* DemoProjectTests.swift */; };
		1CE67A5822F5798200ADE875 /* DemoProjectUITests.swift in Sources */ = {isa = PBXBuildFile; fileRef = 1CE67A5722F5798200ADE875 /* DemoProjectUITests.swift */; };
		1CE67A7C22F57AC100ADE875 /* NetworkManager.swift in Sources */ = {isa = PBXBuildFile; fileRef = 1CE67A6822F57AC100ADE875 /* NetworkManager.swift */; };
		1CE67A7D22F57AC100ADE875 /* NetworkInteractor.swift in Sources */ = {isa = PBXBuildFile; fileRef = 1CE67A6922F57AC100ADE875 /* NetworkInteractor.swift */; };
		1CE67A7E22F57AC100ADE875 /* LoginRequest.swift in Sources */ = {isa = PBXBuildFile; fileRef = 1CE67A6C22F57AC100ADE875 /* LoginRequest.swift */; };
		1CE67A7F22F57AC100ADE875 /* JsonParametersEncoding.swift in Sources */ = {isa = PBXBuildFile; fileRef = 1CE67A6E22F57AC100ADE875 /* JsonParametersEncoding.swift */; };
		1CE67A8022F57AC100ADE875 /* ParametersEncoding.swift in Sources */ = {isa = PBXBuildFile; fileRef = 1CE67A6F22F57AC100ADE875 /* ParametersEncoding.swift */; };
		1CE67A8122F57AC100ADE875 /* UrlParametersEncoding.swift in Sources */ = {isa = PBXBuildFile; fileRef = 1CE67A7022F57AC100ADE875 /* UrlParametersEncoding.swift */; };
		1CE67A8222F57AC100ADE875 /* RequestFeature.swift in Sources */ = {isa = PBXBuildFile; fileRef = 1CE67A7222F57AC100ADE875 /* RequestFeature.swift */; };
		1CE67A8322F57AC100ADE875 /* RequestInfo.swift in Sources */ = {isa = PBXBuildFile; fileRef = 1CE67A7322F57AC100ADE875 /* RequestInfo.swift */; };
		1CE67A8422F57AC100ADE875 /* Define.swift in Sources */ = {isa = PBXBuildFile; fileRef = 1CE67A7522F57AC100ADE875 /* Define.swift */; };
		1CE67A8522F57AC100ADE875 /* DataObserver.swift in Sources */ = {isa = PBXBuildFile; fileRef = 1CE67A7722F57AC100ADE875 /* DataObserver.swift */; };
		1CE67A8622F57AC100ADE875 /* NSObjectHelpers.swift in Sources */ = {isa = PBXBuildFile; fileRef = 1CE67A7922F57AC100ADE875 /* NSObjectHelpers.swift */; };
		1CE67A8722F57AC100ADE875 /* ObjectCodinHelpers.swift in Sources */ = {isa = PBXBuildFile; fileRef = 1CE67A7A22F57AC100ADE875 /* ObjectCodinHelpers.swift */; };
		1CE67A9322F58E9700ADE875 /* LoginViewController.swift in Sources */ = {isa = PBXBuildFile; fileRef = 1CE67A9122F58E9700ADE875 /* LoginViewController.swift */; };
		1CE67A9422F58E9700ADE875 /* LoginViewController.xib in Resources */ = {isa = PBXBuildFile; fileRef = 1CE67A9222F58E9700ADE875 /* LoginViewController.xib */; };
		1CE67A9622F58EAA00ADE875 /* LoginViewModel.swift in Sources */ = {isa = PBXBuildFile; fileRef = 1CE67A9522F58EAA00ADE875 /* LoginViewModel.swift */; };
		1CE67A9A22F58F7E00ADE875 /* SplashViewModel.swift in Sources */ = {isa = PBXBuildFile; fileRef = 1CE67A9922F58F7E00ADE875 /* SplashViewModel.swift */; };
		1CE67A9D22F5936F00ADE875 /* DetailsViewController.swift in Sources */ = {isa = PBXBuildFile; fileRef = 1CE67A9B22F5936F00ADE875 /* DetailsViewController.swift */; };
		1CE67A9E22F5936F00ADE875 /* DetailsViewController.xib in Resources */ = {isa = PBXBuildFile; fileRef = 1CE67A9C22F5936F00ADE875 /* DetailsViewController.xib */; };
		1CE67AA122F5938800ADE875 /* DetailsViewModel.swift in Sources */ = {isa = PBXBuildFile; fileRef = 1CE67AA022F5938800ADE875 /* DetailsViewModel.swift */; };
		1CE67AA422F5970100ADE875 /* Toast.swift in Sources */ = {isa = PBXBuildFile; fileRef = 1CE67AA322F5970100ADE875 /* Toast.swift */; };
		1CE67AA622F5979300ADE875 /* ViewAdditions.swift in Sources */ = {isa = PBXBuildFile; fileRef = 1CE67AA522F5979300ADE875 /* ViewAdditions.swift */; };
		1CE67AA922F5994600ADE875 /* KeychainManager.swift in Sources */ = {isa = PBXBuildFile; fileRef = 1CE67AA822F5994600ADE875 /* KeychainManager.swift */; };
		1CE67AAB22F5ABC100ADE875 /* ColorAdditions.swift in Sources */ = {isa = PBXBuildFile; fileRef = 1CE67AAA22F5ABC100ADE875 /* ColorAdditions.swift */; };
		1CE67AAE22F5AD7F00ADE875 /* KeyboardHandling.swift in Sources */ = {isa = PBXBuildFile; fileRef = 1CE67AAD22F5AD7F00ADE875 /* KeyboardHandling.swift */; };
		1CE67AB222F5BCA600ADE875 /* CustomView.swift in Sources */ = {isa = PBXBuildFile; fileRef = 1CE67AB122F5BCA600ADE875 /* CustomView.swift */; };
		1CE67AB522F5BD7C00ADE875 /* LoginButton.swift in Sources */ = {isa = PBXBuildFile; fileRef = 1CE67AB422F5BD7C00ADE875 /* LoginButton.swift */; };
		1CE67AB822F5BE7900ADE875 /* CustomTextField.swift in Sources */ = {isa = PBXBuildFile; fileRef = 1CE67AB722F5BE7900ADE875 /* CustomTextField.swift */; };
		1CE67ABA22F5CB6000ADE875 /* ScrollViewAdditions.swift in Sources */ = {isa = PBXBuildFile; fileRef = 1CE67AB922F5CB6000ADE875 /* ScrollViewAdditions.swift */; };
		1CE67ABC22F5CCAB00ADE875 /* AttributedStringAdditions.swift in Sources */ = {isa = PBXBuildFile; fileRef = 1CE67ABB22F5CCAB00ADE875 /* AttributedStringAdditions.swift */; };
		1CE67ABE22F61C6B00ADE875 /* XCTest.framework in Frameworks */ = {isa = PBXBuildFile; fileRef = 1CE67ABD22F61C6B00ADE875 /* XCTest.framework */; };
		1CE67ABF22F61C7200ADE875 /* XCTest.framework in Frameworks */ = {isa = PBXBuildFile; fileRef = 1CE67ABD22F61C6B00ADE875 /* XCTest.framework */; };
		1CE67AC322F61CF600ADE875 /* XCTestExtention.swift in Sources */ = {isa = PBXBuildFile; fileRef = 1CE67AC122F61CA500ADE875 /* XCTestExtention.swift */; };
		1CE67AC422F61D6000ADE875 /* XCTestExtention.swift in Sources */ = {isa = PBXBuildFile; fileRef = 1CE67AC122F61CA500ADE875 /* XCTestExtention.swift */; };
		A401FFB1FBDA94577D8899C9 /* Pods_DemoProject.framework in Frameworks */ = {isa = PBXBuildFile; fileRef = 5FE6F878552152CAA079EBB7 /* Pods_DemoProject.framework */; };
		B4BDB41D2DC1B3E9F9351A41 /* libPods-DemoProjectUITests.a in Frameworks */ = {isa = PBXBuildFile; fileRef = D411E445676DAFC15CF476A1 /* libPods-DemoProjectUITests.a */; };
		DC80D96AE1EDF1CFED949DC8 /* Pods_DemoProjectTests.framework in Frameworks */ = {isa = PBXBuildFile; fileRef = 2A20161913473621F2677F0B /* Pods_DemoProjectTests.framework */; };
/* End PBXBuildFile section */

/* Begin PBXContainerItemProxy section */
		1CE67A4922F5798200ADE875 /* PBXContainerItemProxy */ = {
			isa = PBXContainerItemProxy;
			containerPortal = 1CE67A2C22F5797F00ADE875 /* Project object */;
			proxyType = 1;
			remoteGlobalIDString = 1CE67A3322F5798000ADE875;
			remoteInfo = DemoProject;
		};
		1CE67A5422F5798200ADE875 /* PBXContainerItemProxy */ = {
			isa = PBXContainerItemProxy;
			containerPortal = 1CE67A2C22F5797F00ADE875 /* Project object */;
			proxyType = 1;
			remoteGlobalIDString = 1CE67A3322F5798000ADE875;
			remoteInfo = DemoProject;
		};
/* End PBXContainerItemProxy section */

/* Begin PBXFileReference section */
		03342B6A55444BED486F5FDF /* Pods-DemoProjectUITests.debug.xcconfig */ = {isa = PBXFileReference; includeInIndex = 1; lastKnownFileType = text.xcconfig; name = "Pods-DemoProjectUITests.debug.xcconfig"; path = "Target Support Files/Pods-DemoProjectUITests/Pods-DemoProjectUITests.debug.xcconfig"; sourceTree = "<group>"; };
		1CE67A3422F5798000ADE875 /* DemoProject.app */ = {isa = PBXFileReference; explicitFileType = wrapper.application; includeInIndex = 0; path = DemoProject.app; sourceTree = BUILT_PRODUCTS_DIR; };
		1CE67A3722F5798000ADE875 /* AppDelegate.swift */ = {isa = PBXFileReference; lastKnownFileType = sourcecode.swift; path = AppDelegate.swift; sourceTree = "<group>"; };
		1CE67A3922F5798000ADE875 /* SplashViewController.swift */ = {isa = PBXFileReference; lastKnownFileType = sourcecode.swift; path = SplashViewController.swift; sourceTree = "<group>"; };
		1CE67A3C22F5798000ADE875 /* Base */ = {isa = PBXFileReference; lastKnownFileType = file.storyboard; name = Base; path = Base.lproj/Main.storyboard; sourceTree = "<group>"; };
		1CE67A3E22F5798200ADE875 /* Assets.xcassets */ = {isa = PBXFileReference; lastKnownFileType = folder.assetcatalog; path = Assets.xcassets; sourceTree = "<group>"; };
		1CE67A4122F5798200ADE875 /* Base */ = {isa = PBXFileReference; lastKnownFileType = file.storyboard; name = Base; path = Base.lproj/LaunchScreen.storyboard; sourceTree = "<group>"; };
		1CE67A4322F5798200ADE875 /* Info.plist */ = {isa = PBXFileReference; lastKnownFileType = text.plist.xml; path = Info.plist; sourceTree = "<group>"; };
		1CE67A4822F5798200ADE875 /* DemoProjectTests.xctest */ = {isa = PBXFileReference; explicitFileType = wrapper.cfbundle; includeInIndex = 0; path = DemoProjectTests.xctest; sourceTree = BUILT_PRODUCTS_DIR; };
		1CE67A4C22F5798200ADE875 /* DemoProjectTests.swift */ = {isa = PBXFileReference; lastKnownFileType = sourcecode.swift; path = DemoProjectTests.swift; sourceTree = "<group>"; };
		1CE67A4E22F5798200ADE875 /* Info.plist */ = {isa = PBXFileReference; lastKnownFileType = text.plist.xml; path = Info.plist; sourceTree = "<group>"; };
		1CE67A5322F5798200ADE875 /* DemoProjectUITests.xctest */ = {isa = PBXFileReference; explicitFileType = wrapper.cfbundle; includeInIndex = 0; path = DemoProjectUITests.xctest; sourceTree = BUILT_PRODUCTS_DIR; };
		1CE67A5722F5798200ADE875 /* DemoProjectUITests.swift */ = {isa = PBXFileReference; lastKnownFileType = sourcecode.swift; path = DemoProjectUITests.swift; sourceTree = "<group>"; };
		1CE67A5922F5798200ADE875 /* Info.plist */ = {isa = PBXFileReference; lastKnownFileType = text.plist.xml; path = Info.plist; sourceTree = "<group>"; };
		1CE67A6822F57AC100ADE875 /* NetworkManager.swift */ = {isa = PBXFileReference; fileEncoding = 4; lastKnownFileType = sourcecode.swift; path = NetworkManager.swift; sourceTree = "<group>"; };
		1CE67A6922F57AC100ADE875 /* NetworkInteractor.swift */ = {isa = PBXFileReference; fileEncoding = 4; lastKnownFileType = sourcecode.swift; path = NetworkInteractor.swift; sourceTree = "<group>"; };
		1CE67A6C22F57AC100ADE875 /* LoginRequest.swift */ = {isa = PBXFileReference; fileEncoding = 4; lastKnownFileType = sourcecode.swift; path = LoginRequest.swift; sourceTree = "<group>"; };
		1CE67A6E22F57AC100ADE875 /* JsonParametersEncoding.swift */ = {isa = PBXFileReference; fileEncoding = 4; lastKnownFileType = sourcecode.swift; path = JsonParametersEncoding.swift; sourceTree = "<group>"; };
		1CE67A6F22F57AC100ADE875 /* ParametersEncoding.swift */ = {isa = PBXFileReference; fileEncoding = 4; lastKnownFileType = sourcecode.swift; path = ParametersEncoding.swift; sourceTree = "<group>"; };
		1CE67A7022F57AC100ADE875 /* UrlParametersEncoding.swift */ = {isa = PBXFileReference; fileEncoding = 4; lastKnownFileType = sourcecode.swift; path = UrlParametersEncoding.swift; sourceTree = "<group>"; };
		1CE67A7222F57AC100ADE875 /* RequestFeature.swift */ = {isa = PBXFileReference; fileEncoding = 4; lastKnownFileType = sourcecode.swift; path = RequestFeature.swift; sourceTree = "<group>"; };
		1CE67A7322F57AC100ADE875 /* RequestInfo.swift */ = {isa = PBXFileReference; fileEncoding = 4; lastKnownFileType = sourcecode.swift; path = RequestInfo.swift; sourceTree = "<group>"; };
		1CE67A7522F57AC100ADE875 /* Define.swift */ = {isa = PBXFileReference; fileEncoding = 4; lastKnownFileType = sourcecode.swift; path = Define.swift; sourceTree = "<group>"; };
		1CE67A7722F57AC100ADE875 /* DataObserver.swift */ = {isa = PBXFileReference; fileEncoding = 4; lastKnownFileType = sourcecode.swift; path = DataObserver.swift; sourceTree = "<group>"; };
		1CE67A7922F57AC100ADE875 /* NSObjectHelpers.swift */ = {isa = PBXFileReference; fileEncoding = 4; lastKnownFileType = sourcecode.swift; path = NSObjectHelpers.swift; sourceTree = "<group>"; };
		1CE67A7A22F57AC100ADE875 /* ObjectCodinHelpers.swift */ = {isa = PBXFileReference; fileEncoding = 4; lastKnownFileType = sourcecode.swift; path = ObjectCodinHelpers.swift; sourceTree = "<group>"; };
		1CE67A9122F58E9700ADE875 /* LoginViewController.swift */ = {isa = PBXFileReference; lastKnownFileType = sourcecode.swift; path = LoginViewController.swift; sourceTree = "<group>"; };
		1CE67A9222F58E9700ADE875 /* LoginViewController.xib */ = {isa = PBXFileReference; lastKnownFileType = file.xib; path = LoginViewController.xib; sourceTree = "<group>"; };
		1CE67A9522F58EAA00ADE875 /* LoginViewModel.swift */ = {isa = PBXFileReference; lastKnownFileType = sourcecode.swift; path = LoginViewModel.swift; sourceTree = "<group>"; };
		1CE67A9922F58F7E00ADE875 /* SplashViewModel.swift */ = {isa = PBXFileReference; lastKnownFileType = sourcecode.swift; path = SplashViewModel.swift; sourceTree = "<group>"; };
		1CE67A9B22F5936F00ADE875 /* DetailsViewController.swift */ = {isa = PBXFileReference; lastKnownFileType = sourcecode.swift; path = DetailsViewController.swift; sourceTree = "<group>"; };
		1CE67A9C22F5936F00ADE875 /* DetailsViewController.xib */ = {isa = PBXFileReference; lastKnownFileType = file.xib; path = DetailsViewController.xib; sourceTree = "<group>"; };
		1CE67AA022F5938800ADE875 /* DetailsViewModel.swift */ = {isa = PBXFileReference; lastKnownFileType = sourcecode.swift; path = DetailsViewModel.swift; sourceTree = "<group>"; };
		1CE67AA322F5970100ADE875 /* Toast.swift */ = {isa = PBXFileReference; fileEncoding = 4; lastKnownFileType = sourcecode.swift; path = Toast.swift; sourceTree = "<group>"; };
		1CE67AA522F5979300ADE875 /* ViewAdditions.swift */ = {isa = PBXFileReference; lastKnownFileType = sourcecode.swift; path = ViewAdditions.swift; sourceTree = "<group>"; };
		1CE67AA822F5994600ADE875 /* KeychainManager.swift */ = {isa = PBXFileReference; lastKnownFileType = sourcecode.swift; path = KeychainManager.swift; sourceTree = "<group>"; };
		1CE67AAA22F5ABC100ADE875 /* ColorAdditions.swift */ = {isa = PBXFileReference; lastKnownFileType = sourcecode.swift; path = ColorAdditions.swift; sourceTree = "<group>"; };
		1CE67AAD22F5AD7F00ADE875 /* KeyboardHandling.swift */ = {isa = PBXFileReference; fileEncoding = 4; lastKnownFileType = sourcecode.swift; path = KeyboardHandling.swift; sourceTree = "<group>"; };
		1CE67AB122F5BCA600ADE875 /* CustomView.swift */ = {isa = PBXFileReference; lastKnownFileType = sourcecode.swift; path = CustomView.swift; sourceTree = "<group>"; };
		1CE67AB422F5BD7C00ADE875 /* LoginButton.swift */ = {isa = PBXFileReference; lastKnownFileType = sourcecode.swift; path = LoginButton.swift; sourceTree = "<group>"; };
		1CE67AB722F5BE7900ADE875 /* CustomTextField.swift */ = {isa = PBXFileReference; lastKnownFileType = sourcecode.swift; path = CustomTextField.swift; sourceTree = "<group>"; };
		1CE67AB922F5CB6000ADE875 /* ScrollViewAdditions.swift */ = {isa = PBXFileReference; lastKnownFileType = sourcecode.swift; path = ScrollViewAdditions.swift; sourceTree = "<group>"; };
		1CE67ABB22F5CCAB00ADE875 /* AttributedStringAdditions.swift */ = {isa = PBXFileReference; lastKnownFileType = sourcecode.swift; path = AttributedStringAdditions.swift; sourceTree = "<group>"; };
		1CE67ABD22F61C6B00ADE875 /* XCTest.framework */ = {isa = PBXFileReference; lastKnownFileType = wrapper.framework; name = XCTest.framework; path = Platforms/iPhoneOS.platform/Developer/Library/Frameworks/XCTest.framework; sourceTree = DEVELOPER_DIR; };
		1CE67AC122F61CA500ADE875 /* XCTestExtention.swift */ = {isa = PBXFileReference; fileEncoding = 4; lastKnownFileType = sourcecode.swift; path = XCTestExtention.swift; sourceTree = "<group>"; };
		2A20161913473621F2677F0B /* Pods_DemoProjectTests.framework */ = {isa = PBXFileReference; explicitFileType = wrapper.framework; includeInIndex = 0; path = Pods_DemoProjectTests.framework; sourceTree = BUILT_PRODUCTS_DIR; };
		350A5BFE8D767E193E5164C2 /* Pods-DemoProject.release.xcconfig */ = {isa = PBXFileReference; includeInIndex = 1; lastKnownFileType = text.xcconfig; name = "Pods-DemoProject.release.xcconfig"; path = "Target Support Files/Pods-DemoProject/Pods-DemoProject.release.xcconfig"; sourceTree = "<group>"; };
		5FE6F878552152CAA079EBB7 /* Pods_DemoProject.framework */ = {isa = PBXFileReference; explicitFileType = wrapper.framework; includeInIndex = 0; path = Pods_DemoProject.framework; sourceTree = BUILT_PRODUCTS_DIR; };
		B825BAA360AD8FEEE67BA280 /* Pods-DemoProjectTests.debug.xcconfig */ = {isa = PBXFileReference; includeInIndex = 1; lastKnownFileType = text.xcconfig; name = "Pods-DemoProjectTests.debug.xcconfig"; path = "Target Support Files/Pods-DemoProjectTests/Pods-DemoProjectTests.debug.xcconfig"; sourceTree = "<group>"; };
		C7E0780A3B76C6CA3795C011 /* Pods-DemoProjectUITests.release.xcconfig */ = {isa = PBXFileReference; includeInIndex = 1; lastKnownFileType = text.xcconfig; name = "Pods-DemoProjectUITests.release.xcconfig"; path = "Target Support Files/Pods-DemoProjectUITests/Pods-DemoProjectUITests.release.xcconfig"; sourceTree = "<group>"; };
		CA4DEC8C30798529990DC5D5 /* Pods-DemoProjectTests.release.xcconfig */ = {isa = PBXFileReference; includeInIndex = 1; lastKnownFileType = text.xcconfig; name = "Pods-DemoProjectTests.release.xcconfig"; path = "Target Support Files/Pods-DemoProjectTests/Pods-DemoProjectTests.release.xcconfig"; sourceTree = "<group>"; };
		D411E445676DAFC15CF476A1 /* libPods-DemoProjectUITests.a */ = {isa = PBXFileReference; explicitFileType = archive.ar; includeInIndex = 0; path = "libPods-DemoProjectUITests.a"; sourceTree = BUILT_PRODUCTS_DIR; };
		E190B6343E38DACB048FB6C4 /* Pods-DemoProject.debug.xcconfig */ = {isa = PBXFileReference; includeInIndex = 1; lastKnownFileType = text.xcconfig; name = "Pods-DemoProject.debug.xcconfig"; path = "Target Support Files/Pods-DemoProject/Pods-DemoProject.debug.xcconfig"; sourceTree = "<group>"; };
/* End PBXFileReference section */

/* Begin PBXFrameworksBuildPhase section */
		1CE67A3122F5798000ADE875 /* Frameworks */ = {
			isa = PBXFrameworksBuildPhase;
			buildActionMask = 2147483647;
			files = (
				A401FFB1FBDA94577D8899C9 /* Pods_DemoProject.framework in Frameworks */,
			);
			runOnlyForDeploymentPostprocessing = 0;
		};
		1CE67A4522F5798200ADE875 /* Frameworks */ = {
			isa = PBXFrameworksBuildPhase;
			buildActionMask = 2147483647;
			files = (
				1CE67ABE22F61C6B00ADE875 /* XCTest.framework in Frameworks */,
				DC80D96AE1EDF1CFED949DC8 /* Pods_DemoProjectTests.framework in Frameworks */,
			);
			runOnlyForDeploymentPostprocessing = 0;
		};
		1CE67A5022F5798200ADE875 /* Frameworks */ = {
			isa = PBXFrameworksBuildPhase;
			buildActionMask = 2147483647;
			files = (
				1CE67ABF22F61C7200ADE875 /* XCTest.framework in Frameworks */,
				B4BDB41D2DC1B3E9F9351A41 /* libPods-DemoProjectUITests.a in Frameworks */,
			);
			runOnlyForDeploymentPostprocessing = 0;
		};
/* End PBXFrameworksBuildPhase section */

/* Begin PBXGroup section */
		044F1CD7369D67AF497D03FB /* Frameworks */ = {
			isa = PBXGroup;
			children = (
				1CE67ABD22F61C6B00ADE875 /* XCTest.framework */,
				5FE6F878552152CAA079EBB7 /* Pods_DemoProject.framework */,
				2A20161913473621F2677F0B /* Pods_DemoProjectTests.framework */,
				D411E445676DAFC15CF476A1 /* libPods-DemoProjectUITests.a */,
			);
			name = Frameworks;
			sourceTree = "<group>";
		};
		1CE67A2B22F5797F00ADE875 = {
			isa = PBXGroup;
			children = (
				1CE67A3622F5798000ADE875 /* DemoProject */,
				1CE67AC022F61CA500ADE875 /* XCTestExtention */,
				1CE67A4B22F5798200ADE875 /* DemoProjectTests */,
				1CE67A5622F5798200ADE875 /* DemoProjectUITests */,
				1CE67A3522F5798000ADE875 /* Products */,
				34609BD937E55DBFD5B23C67 /* Pods */,
				044F1CD7369D67AF497D03FB /* Frameworks */,
			);
			sourceTree = "<group>";
		};
		1CE67A3522F5798000ADE875 /* Products */ = {
			isa = PBXGroup;
			children = (
				1CE67A3422F5798000ADE875 /* DemoProject.app */,
				1CE67A4822F5798200ADE875 /* DemoProjectTests.xctest */,
				1CE67A5322F5798200ADE875 /* DemoProjectUITests.xctest */,
			);
			name = Products;
			sourceTree = "<group>";
		};
		1CE67A3622F5798000ADE875 /* DemoProject */ = {
			isa = PBXGroup;
			children = (
				1CE67A6522F57AC100ADE875 /* Helpers */,
				1CE67A8A22F58CD600ADE875 /* Models */,
				1CE67AAF22F5BC8200ADE875 /* Views */,
				1CE67A8922F58CD000ADE875 /* Controllers */,
				1CE67A8E22F58D1600ADE875 /* AppDelegate */,
				1CE67A8F22F58D2D00ADE875 /* Storyboards */,
				1CE67A9022F58D3C00ADE875 /* Starting */,
			);
			path = DemoProject;
			sourceTree = "<group>";
		};
		1CE67A4B22F5798200ADE875 /* DemoProjectTests */ = {
			isa = PBXGroup;
			children = (
				1CE67A4C22F5798200ADE875 /* DemoProjectTests.swift */,
				1CE67A4E22F5798200ADE875 /* Info.plist */,
			);
			path = DemoProjectTests;
			sourceTree = "<group>";
		};
		1CE67A5622F5798200ADE875 /* DemoProjectUITests */ = {
			isa = PBXGroup;
			children = (
				1CE67A5722F5798200ADE875 /* DemoProjectUITests.swift */,
				1CE67A5922F5798200ADE875 /* Info.plist */,
			);
			path = DemoProjectUITests;
			sourceTree = "<group>";
		};
		1CE67A6522F57AC100ADE875 /* Helpers */ = {
			isa = PBXGroup;
			children = (
				1CE67AAC22F5AD7F00ADE875 /* KeyboardHandling */,
				1CE67AA722F5990F00ADE875 /* KeychainManager */,
				1CE67AA222F5970100ADE875 /* Toast */,
				1CE67A6622F57AC100ADE875 /* Networking */,
				1CE67A7422F57AC100ADE875 /* Defines */,
				1CE67A7622F57AC100ADE875 /* DataObservers */,
				1CE67A7822F57AC100ADE875 /* Categories */,
			);
			path = Helpers;
			sourceTree = "<group>";
		};
		1CE67A6622F57AC100ADE875 /* Networking */ = {
			isa = PBXGroup;
			children = (
				1CE67A6722F57AC100ADE875 /* Network Manager */,
				1CE67A6A22F57AC100ADE875 /* Requests */,
				1CE67A6D22F57AC100ADE875 /* Encodoing */,
				1CE67A7122F57AC100ADE875 /* Service */,
			);
			path = Networking;
			sourceTree = "<group>";
		};
		1CE67A6722F57AC100ADE875 /* Network Manager */ = {
			isa = PBXGroup;
			children = (
				1CE67A6822F57AC100ADE875 /* NetworkManager.swift */,
				1CE67A6922F57AC100ADE875 /* NetworkInteractor.swift */,
			);
			path = "Network Manager";
			sourceTree = "<group>";
		};
		1CE67A6A22F57AC100ADE875 /* Requests */ = {
			isa = PBXGroup;
			children = (
				1CE67A6B22F57AC100ADE875 /* Login */,
			);
			path = Requests;
			sourceTree = "<group>";
		};
		1CE67A6B22F57AC100ADE875 /* Login */ = {
			isa = PBXGroup;
			children = (
				1CE67A6C22F57AC100ADE875 /* LoginRequest.swift */,
			);
			path = Login;
			sourceTree = "<group>";
		};
		1CE67A6D22F57AC100ADE875 /* Encodoing */ = {
			isa = PBXGroup;
			children = (
				1CE67A6F22F57AC100ADE875 /* ParametersEncoding.swift */,
				1CE67A6E22F57AC100ADE875 /* JsonParametersEncoding.swift */,
				1CE67A7022F57AC100ADE875 /* UrlParametersEncoding.swift */,
			);
			path = Encodoing;
			sourceTree = "<group>";
		};
		1CE67A7122F57AC100ADE875 /* Service */ = {
			isa = PBXGroup;
			children = (
				1CE67A7222F57AC100ADE875 /* RequestFeature.swift */,
				1CE67A7322F57AC100ADE875 /* RequestInfo.swift */,
			);
			path = Service;
			sourceTree = "<group>";
		};
		1CE67A7422F57AC100ADE875 /* Defines */ = {
			isa = PBXGroup;
			children = (
				1CE67A7522F57AC100ADE875 /* Define.swift */,
			);
			path = Defines;
			sourceTree = "<group>";
		};
		1CE67A7622F57AC100ADE875 /* DataObservers */ = {
			isa = PBXGroup;
			children = (
				1CE67A7722F57AC100ADE875 /* DataObserver.swift */,
			);
			path = DataObservers;
			sourceTree = "<group>";
		};
		1CE67A7822F57AC100ADE875 /* Categories */ = {
			isa = PBXGroup;
			children = (
				1CE67A7922F57AC100ADE875 /* NSObjectHelpers.swift */,
				1CE67A7A22F57AC100ADE875 /* ObjectCodinHelpers.swift */,
				1CE67AA522F5979300ADE875 /* ViewAdditions.swift */,
				1CE67AAA22F5ABC100ADE875 /* ColorAdditions.swift */,
				1CE67AB922F5CB6000ADE875 /* ScrollViewAdditions.swift */,
				1CE67ABB22F5CCAB00ADE875 /* AttributedStringAdditions.swift */,
			);
			path = Categories;
			sourceTree = "<group>";
		};
		1CE67A8922F58CD000ADE875 /* Controllers */ = {
			isa = PBXGroup;
			children = (
				1CE67A8B22F58CEF00ADE875 /* Splash */,
				1CE67A8C22F58CF800ADE875 /* Login */,
				1CE67A8D22F58CFF00ADE875 /* Details */,
			);
			path = Controllers;
			sourceTree = "<group>";
		};
		1CE67A8A22F58CD600ADE875 /* Models */ = {
			isa = PBXGroup;
			children = (
			);
			path = Models;
			sourceTree = "<group>";
		};
		1CE67A8B22F58CEF00ADE875 /* Splash */ = {
			isa = PBXGroup;
			children = (
				1CE67A9822F58F6D00ADE875 /* SplashViewModel */,
				1CE67A3922F5798000ADE875 /* SplashViewController.swift */,
			);
			path = Splash;
			sourceTree = "<group>";
		};
		1CE67A8C22F58CF800ADE875 /* Login */ = {
			isa = PBXGroup;
			children = (
				1CE67A9722F58EB400ADE875 /* LoginViewModel */,
				1CE67A9122F58E9700ADE875 /* LoginViewController.swift */,
				1CE67A9222F58E9700ADE875 /* LoginViewController.xib */,
			);
			path = Login;
			sourceTree = "<group>";
		};
		1CE67A8D22F58CFF00ADE875 /* Details */ = {
			isa = PBXGroup;
			children = (
				1CE67A9F22F5937500ADE875 /* DetailsViewModel */,
				1CE67A9B22F5936F00ADE875 /* DetailsViewController.swift */,
				1CE67A9C22F5936F00ADE875 /* DetailsViewController.xib */,
			);
			path = Details;
			sourceTree = "<group>";
		};
		1CE67A8E22F58D1600ADE875 /* AppDelegate */ = {
			isa = PBXGroup;
			children = (
				1CE67A3722F5798000ADE875 /* AppDelegate.swift */,
			);
			path = AppDelegate;
			sourceTree = "<group>";
		};
		1CE67A8F22F58D2D00ADE875 /* Storyboards */ = {
			isa = PBXGroup;
			children = (
				1CE67A3B22F5798000ADE875 /* Main.storyboard */,
			);
			path = Storyboards;
			sourceTree = "<group>";
		};
		1CE67A9022F58D3C00ADE875 /* Starting */ = {
			isa = PBXGroup;
			children = (
				1CE67A4322F5798200ADE875 /* Info.plist */,
				1CE67A3E22F5798200ADE875 /* Assets.xcassets */,
				1CE67A4022F5798200ADE875 /* LaunchScreen.storyboard */,
			);
			path = Starting;
			sourceTree = "<group>";
		};
		1CE67A9722F58EB400ADE875 /* LoginViewModel */ = {
			isa = PBXGroup;
			children = (
				1CE67A9522F58EAA00ADE875 /* LoginViewModel.swift */,
			);
			path = LoginViewModel;
			sourceTree = "<group>";
		};
		1CE67A9822F58F6D00ADE875 /* SplashViewModel */ = {
			isa = PBXGroup;
			children = (
				1CE67A9922F58F7E00ADE875 /* SplashViewModel.swift */,
			);
			path = SplashViewModel;
			sourceTree = "<group>";
		};
		1CE67A9F22F5937500ADE875 /* DetailsViewModel */ = {
			isa = PBXGroup;
			children = (
				1CE67AA022F5938800ADE875 /* DetailsViewModel.swift */,
			);
			path = DetailsViewModel;
			sourceTree = "<group>";
		};
		1CE67AA222F5970100ADE875 /* Toast */ = {
			isa = PBXGroup;
			children = (
				1CE67AA322F5970100ADE875 /* Toast.swift */,
			);
			path = Toast;
			sourceTree = "<group>";
		};
		1CE67AA722F5990F00ADE875 /* KeychainManager */ = {
			isa = PBXGroup;
			children = (
				1CE67AA822F5994600ADE875 /* KeychainManager.swift */,
			);
			path = KeychainManager;
			sourceTree = "<group>";
		};
		1CE67AAC22F5AD7F00ADE875 /* KeyboardHandling */ = {
			isa = PBXGroup;
			children = (
				1CE67AAD22F5AD7F00ADE875 /* KeyboardHandling.swift */,
			);
			path = KeyboardHandling;
			sourceTree = "<group>";
		};
		1CE67AAF22F5BC8200ADE875 /* Views */ = {
			isa = PBXGroup;
			children = (
				1CE67AB622F5BE5900ADE875 /* CustomTextFields */,
				1CE67AB322F5BD6900ADE875 /* CustomButtons */,
				1CE67AB022F5BC9100ADE875 /* CustomViews */,
			);
			path = Views;
			sourceTree = "<group>";
		};
		1CE67AB022F5BC9100ADE875 /* CustomViews */ = {
			isa = PBXGroup;
			children = (
				1CE67AB122F5BCA600ADE875 /* CustomView.swift */,
			);
			path = CustomViews;
			sourceTree = "<group>";
		};
		1CE67AB322F5BD6900ADE875 /* CustomButtons */ = {
			isa = PBXGroup;
			children = (
				1CE67AB422F5BD7C00ADE875 /* LoginButton.swift */,
			);
			path = CustomButtons;
			sourceTree = "<group>";
		};
		1CE67AB622F5BE5900ADE875 /* CustomTextFields */ = {
			isa = PBXGroup;
			children = (
				1CE67AB722F5BE7900ADE875 /* CustomTextField.swift */,
			);
			path = CustomTextFields;
			sourceTree = "<group>";
		};
		1CE67AC022F61CA500ADE875 /* XCTestExtention */ = {
			isa = PBXGroup;
			children = (
				1CE67AC122F61CA500ADE875 /* XCTestExtention.swift */,
			);
			path = XCTestExtention;
			sourceTree = "<group>";
		};
		34609BD937E55DBFD5B23C67 /* Pods */ = {
			isa = PBXGroup;
			children = (
				E190B6343E38DACB048FB6C4 /* Pods-DemoProject.debug.xcconfig */,
				350A5BFE8D767E193E5164C2 /* Pods-DemoProject.release.xcconfig */,
				B825BAA360AD8FEEE67BA280 /* Pods-DemoProjectTests.debug.xcconfig */,
				CA4DEC8C30798529990DC5D5 /* Pods-DemoProjectTests.release.xcconfig */,
				03342B6A55444BED486F5FDF /* Pods-DemoProjectUITests.debug.xcconfig */,
				C7E0780A3B76C6CA3795C011 /* Pods-DemoProjectUITests.release.xcconfig */,
			);
			path = Pods;
			sourceTree = "<group>";
		};
/* End PBXGroup section */

/* Begin PBXNativeTarget section */
		1CE67A3322F5798000ADE875 /* DemoProject */ = {
			isa = PBXNativeTarget;
			buildConfigurationList = 1CE67A5C22F5798200ADE875 /* Build configuration list for PBXNativeTarget "DemoProject" */;
			buildPhases = (
				0D4AB20859360D990F4627E9 /* [CP] Check Pods Manifest.lock */,
				1CE67A3022F5798000ADE875 /* Sources */,
				1CE67A3122F5798000ADE875 /* Frameworks */,
				1CE67A3222F5798000ADE875 /* Resources */,
				02A9C76E73839FD4870A7E37 /* [CP] Embed Pods Frameworks */,
			);
			buildRules = (
			);
			dependencies = (
			);
			name = DemoProject;
			productName = DemoProject;
			productReference = 1CE67A3422F5798000ADE875 /* DemoProject.app */;
			productType = "com.apple.product-type.application";
		};
		1CE67A4722F5798200ADE875 /* DemoProjectTests */ = {
			isa = PBXNativeTarget;
			buildConfigurationList = 1CE67A5F22F5798200ADE875 /* Build configuration list for PBXNativeTarget "DemoProjectTests" */;
			buildPhases = (
				A3B4E28F792BC2D9C27CF657 /* [CP] Check Pods Manifest.lock */,
				1CE67A4422F5798200ADE875 /* Sources */,
				1CE67A4522F5798200ADE875 /* Frameworks */,
				1CE67A4622F5798200ADE875 /* Resources */,
			);
			buildRules = (
			);
			dependencies = (
				1CE67A4A22F5798200ADE875 /* PBXTargetDependency */,
			);
			name = DemoProjectTests;
			productName = DemoProjectTests;
			productReference = 1CE67A4822F5798200ADE875 /* DemoProjectTests.xctest */;
			productType = "com.apple.product-type.bundle.unit-test";
		};
		1CE67A5222F5798200ADE875 /* DemoProjectUITests */ = {
			isa = PBXNativeTarget;
			buildConfigurationList = 1CE67A6222F5798200ADE875 /* Build configuration list for PBXNativeTarget "DemoProjectUITests" */;
			buildPhases = (
				E5CEC20ACEAFD70ECFECCCB2 /* [CP] Check Pods Manifest.lock */,
				1CE67A4F22F5798200ADE875 /* Sources */,
				1CE67A5022F5798200ADE875 /* Frameworks */,
				1CE67A5122F5798200ADE875 /* Resources */,
			);
			buildRules = (
			);
			dependencies = (
				1CE67A5522F5798200ADE875 /* PBXTargetDependency */,
			);
			name = DemoProjectUITests;
			productName = DemoProjectUITests;
			productReference = 1CE67A5322F5798200ADE875 /* DemoProjectUITests.xctest */;
			productType = "com.apple.product-type.bundle.ui-testing";
		};
/* End PBXNativeTarget section */

/* Begin PBXProject section */
		1CE67A2C22F5797F00ADE875 /* Project object */ = {
			isa = PBXProject;
			attributes = {
				LastSwiftUpdateCheck = 1020;
				LastUpgradeCheck = 1020;
				ORGANIZATIONNAME = "Mohd Haider";
				TargetAttributes = {
					1CE67A3322F5798000ADE875 = {
						CreatedOnToolsVersion = 10.2.1;
					};
					1CE67A4722F5798200ADE875 = {
						CreatedOnToolsVersion = 10.2.1;
						TestTargetID = 1CE67A3322F5798000ADE875;
					};
					1CE67A5222F5798200ADE875 = {
						CreatedOnToolsVersion = 10.2.1;
						TestTargetID = 1CE67A3322F5798000ADE875;
					};
				};
			};
			buildConfigurationList = 1CE67A2F22F5797F00ADE875 /* Build configuration list for PBXProject "DemoProject" */;
			compatibilityVersion = "Xcode 9.3";
			developmentRegion = en;
			hasScannedForEncodings = 0;
			knownRegions = (
				en,
				Base,
			);
			mainGroup = 1CE67A2B22F5797F00ADE875;
			productRefGroup = 1CE67A3522F5798000ADE875 /* Products */;
			projectDirPath = "";
			projectRoot = "";
			targets = (
				1CE67A3322F5798000ADE875 /* DemoProject */,
				1CE67A4722F5798200ADE875 /* DemoProjectTests */,
				1CE67A5222F5798200ADE875 /* DemoProjectUITests */,
			);
		};
/* End PBXProject section */

/* Begin PBXResourcesBuildPhase section */
		1CE67A3222F5798000ADE875 /* Resources */ = {
			isa = PBXResourcesBuildPhase;
			buildActionMask = 2147483647;
			files = (
				1CE67A9422F58E9700ADE875 /* LoginViewController.xib in Resources */,
				1CE67A4222F5798200ADE875 /* LaunchScreen.storyboard in Resources */,
				1CE67A9E22F5936F00ADE875 /* DetailsViewController.xib in Resources */,
				1CE67A3F22F5798200ADE875 /* Assets.xcassets in Resources */,
				1CE67A3D22F5798000ADE875 /* Main.storyboard in Resources */,
			);
			runOnlyForDeploymentPostprocessing = 0;
		};
		1CE67A4622F5798200ADE875 /* Resources */ = {
			isa = PBXResourcesBuildPhase;
			buildActionMask = 2147483647;
			files = (
			);
			runOnlyForDeploymentPostprocessing = 0;
		};
		1CE67A5122F5798200ADE875 /* Resources */ = {
			isa = PBXResourcesBuildPhase;
			buildActionMask = 2147483647;
			files = (
			);
			runOnlyForDeploymentPostprocessing = 0;
		};
/* End PBXResourcesBuildPhase section */

/* Begin PBXShellScriptBuildPhase section */
		02A9C76E73839FD4870A7E37 /* [CP] Embed Pods Frameworks */ = {
			isa = PBXShellScriptBuildPhase;
			buildActionMask = 2147483647;
			files = (
			);
			inputFileListPaths = (
				"${PODS_ROOT}/Target Support Files/Pods-DemoProject/Pods-DemoProject-frameworks-${CONFIGURATION}-input-files.xcfilelist",
			);
			name = "[CP] Embed Pods Frameworks";
			outputFileListPaths = (
				"${PODS_ROOT}/Target Support Files/Pods-DemoProject/Pods-DemoProject-frameworks-${CONFIGURATION}-output-files.xcfilelist",
			);
			runOnlyForDeploymentPostprocessing = 0;
			shellPath = /bin/sh;
			shellScript = "\"${PODS_ROOT}/Target Support Files/Pods-DemoProject/Pods-DemoProject-frameworks.sh\"\n";
			showEnvVarsInLog = 0;
		};
		0D4AB20859360D990F4627E9 /* [CP] Check Pods Manifest.lock */ = {
			isa = PBXShellScriptBuildPhase;
			buildActionMask = 2147483647;
			files = (
			);
			inputFileListPaths = (
			);
			inputPaths = (
				"${PODS_PODFILE_DIR_PATH}/Podfile.lock",
				"${PODS_ROOT}/Manifest.lock",
			);
			name = "[CP] Check Pods Manifest.lock";
			outputFileListPaths = (
			);
			outputPaths = (
				"$(DERIVED_FILE_DIR)/Pods-DemoProject-checkManifestLockResult.txt",
			);
			runOnlyForDeploymentPostprocessing = 0;
			shellPath = /bin/sh;
			shellScript = "diff \"${PODS_PODFILE_DIR_PATH}/Podfile.lock\" \"${PODS_ROOT}/Manifest.lock\" > /dev/null\nif [ $? != 0 ] ; then\n    # print error to STDERR\n    echo \"error: The sandbox is not in sync with the Podfile.lock. Run 'pod install' or update your CocoaPods installation.\" >&2\n    exit 1\nfi\n# This output is used by Xcode 'outputs' to avoid re-running this script phase.\necho \"SUCCESS\" > \"${SCRIPT_OUTPUT_FILE_0}\"\n";
			showEnvVarsInLog = 0;
		};
		A3B4E28F792BC2D9C27CF657 /* [CP] Check Pods Manifest.lock */ = {
			isa = PBXShellScriptBuildPhase;
			buildActionMask = 2147483647;
			files = (
			);
			inputFileListPaths = (
			);
			inputPaths = (
				"${PODS_PODFILE_DIR_PATH}/Podfile.lock",
				"${PODS_ROOT}/Manifest.lock",
			);
			name = "[CP] Check Pods Manifest.lock";
			outputFileListPaths = (
			);
			outputPaths = (
				"$(DERIVED_FILE_DIR)/Pods-DemoProjectTests-checkManifestLockResult.txt",
			);
			runOnlyForDeploymentPostprocessing = 0;
			shellPath = /bin/sh;
			shellScript = "diff \"${PODS_PODFILE_DIR_PATH}/Podfile.lock\" \"${PODS_ROOT}/Manifest.lock\" > /dev/null\nif [ $? != 0 ] ; then\n    # print error to STDERR\n    echo \"error: The sandbox is not in sync with the Podfile.lock. Run 'pod install' or update your CocoaPods installation.\" >&2\n    exit 1\nfi\n# This output is used by Xcode 'outputs' to avoid re-running this script phase.\necho \"SUCCESS\" > \"${SCRIPT_OUTPUT_FILE_0}\"\n";
			showEnvVarsInLog = 0;
		};
		E5CEC20ACEAFD70ECFECCCB2 /* [CP] Check Pods Manifest.lock */ = {
			isa = PBXShellScriptBuildPhase;
			buildActionMask = 2147483647;
			files = (
			);
			inputFileListPaths = (
			);
			inputPaths = (
				"${PODS_PODFILE_DIR_PATH}/Podfile.lock",
				"${PODS_ROOT}/Manifest.lock",
			);
			name = "[CP] Check Pods Manifest.lock";
			outputFileListPaths = (
			);
			outputPaths = (
				"$(DERIVED_FILE_DIR)/Pods-DemoProjectUITests-checkManifestLockResult.txt",
			);
			runOnlyForDeploymentPostprocessing = 0;
			shellPath = /bin/sh;
			shellScript = "diff \"${PODS_PODFILE_DIR_PATH}/Podfile.lock\" \"${PODS_ROOT}/Manifest.lock\" > /dev/null\nif [ $? != 0 ] ; then\n    # print error to STDERR\n    echo \"error: The sandbox is not in sync with the Podfile.lock. Run 'pod install' or update your CocoaPods installation.\" >&2\n    exit 1\nfi\n# This output is used by Xcode 'outputs' to avoid re-running this script phase.\necho \"SUCCESS\" > \"${SCRIPT_OUTPUT_FILE_0}\"\n";
			showEnvVarsInLog = 0;
		};
/* End PBXShellScriptBuildPhase section */

/* Begin PBXSourcesBuildPhase section */
		1CE67A3022F5798000ADE875 /* Sources */ = {
			isa = PBXSourcesBuildPhase;
			buildActionMask = 2147483647;
			files = (
				1CE67A7C22F57AC100ADE875 /* NetworkManager.swift in Sources */,
				1CE67AA122F5938800ADE875 /* DetailsViewModel.swift in Sources */,
				1CE67AAB22F5ABC100ADE875 /* ColorAdditions.swift in Sources */,
				1CE67A3A22F5798000ADE875 /* SplashViewController.swift in Sources */,
				1CE67A8022F57AC100ADE875 /* ParametersEncoding.swift in Sources */,
				1CE67ABC22F5CCAB00ADE875 /* AttributedStringAdditions.swift in Sources */,
				1CE67ABA22F5CB6000ADE875 /* ScrollViewAdditions.swift in Sources */,
				1CE67A9322F58E9700ADE875 /* LoginViewController.swift in Sources */,
				1CE67A9622F58EAA00ADE875 /* LoginViewModel.swift in Sources */,
				1CE67A8622F57AC100ADE875 /* NSObjectHelpers.swift in Sources */,
				1CE67AB822F5BE7900ADE875 /* CustomTextField.swift in Sources */,
				1CE67A8722F57AC100ADE875 /* ObjectCodinHelpers.swift in Sources */,
				1CE67A8322F57AC100ADE875 /* RequestInfo.swift in Sources */,
				1CE67A8422F57AC100ADE875 /* Define.swift in Sources */,
				1CE67A7F22F57AC100ADE875 /* JsonParametersEncoding.swift in Sources */,
				1CE67A8122F57AC100ADE875 /* UrlParametersEncoding.swift in Sources */,
				1CE67A9D22F5936F00ADE875 /* DetailsViewController.swift in Sources */,
				1CE67A9A22F58F7E00ADE875 /* SplashViewModel.swift in Sources */,
				1CE67AAE22F5AD7F00ADE875 /* KeyboardHandling.swift in Sources */,
				1CE67A3822F5798000ADE875 /* AppDelegate.swift in Sources */,
				1CE67A7E22F57AC100ADE875 /* LoginRequest.swift in Sources */,
				1CE67A8222F57AC100ADE875 /* RequestFeature.swift in Sources */,
				1CE67AA922F5994600ADE875 /* KeychainManager.swift in Sources */,
				1CE67AB222F5BCA600ADE875 /* CustomView.swift in Sources */,
				1CE67AA622F5979300ADE875 /* ViewAdditions.swift in Sources */,
				1CE67AA422F5970100ADE875 /* Toast.swift in Sources */,
				1CE67A7D22F57AC100ADE875 /* NetworkInteractor.swift in Sources */,
				1CE67A8522F57AC100ADE875 /* DataObserver.swift in Sources */,
				1CE67AB522F5BD7C00ADE875 /* LoginButton.swift in Sources */,
			);
			runOnlyForDeploymentPostprocessing = 0;
		};
		1CE67A4422F5798200ADE875 /* Sources */ = {
			isa = PBXSourcesBuildPhase;
			buildActionMask = 2147483647;
			files = (
				1CE67A4D22F5798200ADE875 /* DemoProjectTests.swift in Sources */,
				1CE67AC322F61CF600ADE875 /* XCTestExtention.swift in Sources */,
			);
			runOnlyForDeploymentPostprocessing = 0;
		};
		1CE67A4F22F5798200ADE875 /* Sources */ = {
			isa = PBXSourcesBuildPhase;
			buildActionMask = 2147483647;
			files = (
				1CE67A5822F5798200ADE875 /* DemoProjectUITests.swift in Sources */,
				1CE67AC422F61D6000ADE875 /* XCTestExtention.swift in Sources */,
			);
			runOnlyForDeploymentPostprocessing = 0;
		};
/* End PBXSourcesBuildPhase section */

/* Begin PBXTargetDependency section */
		1CE67A4A22F5798200ADE875 /* PBXTargetDependency */ = {
			isa = PBXTargetDependency;
			target = 1CE67A3322F5798000ADE875 /* DemoProject */;
			targetProxy = 1CE67A4922F5798200ADE875 /* PBXContainerItemProxy */;
		};
		1CE67A5522F5798200ADE875 /* PBXTargetDependency */ = {
			isa = PBXTargetDependency;
			target = 1CE67A3322F5798000ADE875 /* DemoProject */;
			targetProxy = 1CE67A5422F5798200ADE875 /* PBXContainerItemProxy */;
		};
/* End PBXTargetDependency section */

/* Begin PBXVariantGroup section */
		1CE67A3B22F5798000ADE875 /* Main.storyboard */ = {
			isa = PBXVariantGroup;
			children = (
				1CE67A3C22F5798000ADE875 /* Base */,
			);
			name = Main.storyboard;
			sourceTree = "<group>";
		};
		1CE67A4022F5798200ADE875 /* LaunchScreen.storyboard */ = {
			isa = PBXVariantGroup;
			children = (
				1CE67A4122F5798200ADE875 /* Base */,
			);
			name = LaunchScreen.storyboard;
			sourceTree = "<group>";
		};
/* End PBXVariantGroup section */

/* Begin XCBuildConfiguration section */
		1CE67A5A22F5798200ADE875 /* Debug */ = {
			isa = XCBuildConfiguration;
			buildSettings = {
				ALWAYS_SEARCH_USER_PATHS = NO;
				CLANG_ANALYZER_NONNULL = YES;
				CLANG_ANALYZER_NUMBER_OBJECT_CONVERSION = YES_AGGRESSIVE;
				CLANG_CXX_LANGUAGE_STANDARD = "gnu++14";
				CLANG_CXX_LIBRARY = "libc++";
				CLANG_ENABLE_MODULES = YES;
				CLANG_ENABLE_OBJC_ARC = YES;
				CLANG_ENABLE_OBJC_WEAK = YES;
				CLANG_WARN_BLOCK_CAPTURE_AUTORELEASING = YES;
				CLANG_WARN_BOOL_CONVERSION = YES;
				CLANG_WARN_COMMA = YES;
				CLANG_WARN_CONSTANT_CONVERSION = YES;
				CLANG_WARN_DEPRECATED_OBJC_IMPLEMENTATIONS = YES;
				CLANG_WARN_DIRECT_OBJC_ISA_USAGE = YES_ERROR;
				CLANG_WARN_DOCUMENTATION_COMMENTS = YES;
				CLANG_WARN_EMPTY_BODY = YES;
				CLANG_WARN_ENUM_CONVERSION = YES;
				CLANG_WARN_INFINITE_RECURSION = YES;
				CLANG_WARN_INT_CONVERSION = YES;
				CLANG_WARN_NON_LITERAL_NULL_CONVERSION = YES;
				CLANG_WARN_OBJC_IMPLICIT_RETAIN_SELF = YES;
				CLANG_WARN_OBJC_LITERAL_CONVERSION = YES;
				CLANG_WARN_OBJC_ROOT_CLASS = YES_ERROR;
				CLANG_WARN_RANGE_LOOP_ANALYSIS = YES;
				CLANG_WARN_STRICT_PROTOTYPES = YES;
				CLANG_WARN_SUSPICIOUS_MOVE = YES;
				CLANG_WARN_UNGUARDED_AVAILABILITY = YES_AGGRESSIVE;
				CLANG_WARN_UNREACHABLE_CODE = YES;
				CLANG_WARN__DUPLICATE_METHOD_MATCH = YES;
				CODE_SIGN_IDENTITY = "iPhone Developer";
				COPY_PHASE_STRIP = NO;
				DEBUG_INFORMATION_FORMAT = dwarf;
				ENABLE_STRICT_OBJC_MSGSEND = YES;
				ENABLE_TESTABILITY = YES;
				GCC_C_LANGUAGE_STANDARD = gnu11;
				GCC_DYNAMIC_NO_PIC = NO;
				GCC_NO_COMMON_BLOCKS = YES;
				GCC_OPTIMIZATION_LEVEL = 0;
				GCC_PREPROCESSOR_DEFINITIONS = (
					"DEBUG=1",
					"$(inherited)",
				);
				GCC_WARN_64_TO_32_BIT_CONVERSION = YES;
				GCC_WARN_ABOUT_RETURN_TYPE = YES_ERROR;
				GCC_WARN_UNDECLARED_SELECTOR = YES;
				GCC_WARN_UNINITIALIZED_AUTOS = YES_AGGRESSIVE;
				GCC_WARN_UNUSED_FUNCTION = YES;
				GCC_WARN_UNUSED_VARIABLE = YES;
				IPHONEOS_DEPLOYMENT_TARGET = 11.0;
				MTL_ENABLE_DEBUG_INFO = INCLUDE_SOURCE;
				MTL_FAST_MATH = YES;
				ONLY_ACTIVE_ARCH = YES;
				SDKROOT = iphoneos;
				SWIFT_ACTIVE_COMPILATION_CONDITIONS = DEBUG;
				SWIFT_OPTIMIZATION_LEVEL = "-Onone";
			};
			name = Debug;
		};
		1CE67A5B22F5798200ADE875 /* Release */ = {
			isa = XCBuildConfiguration;
			buildSettings = {
				ALWAYS_SEARCH_USER_PATHS = NO;
				CLANG_ANALYZER_NONNULL = YES;
				CLANG_ANALYZER_NUMBER_OBJECT_CONVERSION = YES_AGGRESSIVE;
				CLANG_CXX_LANGUAGE_STANDARD = "gnu++14";
				CLANG_CXX_LIBRARY = "libc++";
				CLANG_ENABLE_MODULES = YES;
				CLANG_ENABLE_OBJC_ARC = YES;
				CLANG_ENABLE_OBJC_WEAK = YES;
				CLANG_WARN_BLOCK_CAPTURE_AUTORELEASING = YES;
				CLANG_WARN_BOOL_CONVERSION = YES;
				CLANG_WARN_COMMA = YES;
				CLANG_WARN_CONSTANT_CONVERSION = YES;
				CLANG_WARN_DEPRECATED_OBJC_IMPLEMENTATIONS = YES;
				CLANG_WARN_DIRECT_OBJC_ISA_USAGE = YES_ERROR;
				CLANG_WARN_DOCUMENTATION_COMMENTS = YES;
				CLANG_WARN_EMPTY_BODY = YES;
				CLANG_WARN_ENUM_CONVERSION = YES;
				CLANG_WARN_INFINITE_RECURSION = YES;
				CLANG_WARN_INT_CONVERSION = YES;
				CLANG_WARN_NON_LITERAL_NULL_CONVERSION = YES;
				CLANG_WARN_OBJC_IMPLICIT_RETAIN_SELF = YES;
				CLANG_WARN_OBJC_LITERAL_CONVERSION = YES;
				CLANG_WARN_OBJC_ROOT_CLASS = YES_ERROR;
				CLANG_WARN_RANGE_LOOP_ANALYSIS = YES;
				CLANG_WARN_STRICT_PROTOTYPES = YES;
				CLANG_WARN_SUSPICIOUS_MOVE = YES;
				CLANG_WARN_UNGUARDED_AVAILABILITY = YES_AGGRESSIVE;
				CLANG_WARN_UNREACHABLE_CODE = YES;
				CLANG_WARN__DUPLICATE_METHOD_MATCH = YES;
				CODE_SIGN_IDENTITY = "iPhone Developer";
				COPY_PHASE_STRIP = NO;
				DEBUG_INFORMATION_FORMAT = "dwarf-with-dsym";
				ENABLE_NS_ASSERTIONS = NO;
				ENABLE_STRICT_OBJC_MSGSEND = YES;
				GCC_C_LANGUAGE_STANDARD = gnu11;
				GCC_NO_COMMON_BLOCKS = YES;
				GCC_WARN_64_TO_32_BIT_CONVERSION = YES;
				GCC_WARN_ABOUT_RETURN_TYPE = YES_ERROR;
				GCC_WARN_UNDECLARED_SELECTOR = YES;
				GCC_WARN_UNINITIALIZED_AUTOS = YES_AGGRESSIVE;
				GCC_WARN_UNUSED_FUNCTION = YES;
				GCC_WARN_UNUSED_VARIABLE = YES;
				IPHONEOS_DEPLOYMENT_TARGET = 11.0;
				MTL_ENABLE_DEBUG_INFO = NO;
				MTL_FAST_MATH = YES;
				SDKROOT = iphoneos;
				SWIFT_COMPILATION_MODE = wholemodule;
				SWIFT_OPTIMIZATION_LEVEL = "-O";
				VALIDATE_PRODUCT = YES;
			};
			name = Release;
		};
		1CE67A5D22F5798200ADE875 /* Debug */ = {
			isa = XCBuildConfiguration;
			baseConfigurationReference = E190B6343E38DACB048FB6C4 /* Pods-DemoProject.debug.xcconfig */;
			buildSettings = {
				ASSETCATALOG_COMPILER_APPICON_NAME = AppIcon;
				CODE_SIGN_STYLE = Automatic;
				DEVELOPMENT_TEAM = A2Z5235GGQ;
				INFOPLIST_FILE = DemoProject/Starting/Info.plist;
				LD_RUNPATH_SEARCH_PATHS = (
					"$(inherited)",
					"@executable_path/Frameworks",
				);
				PRODUCT_BUNDLE_IDENTIFIER = haider.DemoProject;
				PRODUCT_NAME = "$(TARGET_NAME)";
				SWIFT_VERSION = 5.0;
				TARGETED_DEVICE_FAMILY = 1;
			};
			name = Debug;
		};
		1CE67A5E22F5798200ADE875 /* Release */ = {
			isa = XCBuildConfiguration;
			baseConfigurationReference = 350A5BFE8D767E193E5164C2 /* Pods-DemoProject.release.xcconfig */;
			buildSettings = {
				ASSETCATALOG_COMPILER_APPICON_NAME = AppIcon;
				CODE_SIGN_STYLE = Automatic;
				DEVELOPMENT_TEAM = A2Z5235GGQ;
				INFOPLIST_FILE = DemoProject/Starting/Info.plist;
				LD_RUNPATH_SEARCH_PATHS = (
					"$(inherited)",
					"@executable_path/Frameworks",
				);
				PRODUCT_BUNDLE_IDENTIFIER = haider.DemoProject;
				PRODUCT_NAME = "$(TARGET_NAME)";
				SWIFT_VERSION = 5.0;
				TARGETED_DEVICE_FAMILY = 1;
			};
			name = Release;
		};
		1CE67A6022F5798200ADE875 /* Debug */ = {
			isa = XCBuildConfiguration;
			baseConfigurationReference = B825BAA360AD8FEEE67BA280 /* Pods-DemoProjectTests.debug.xcconfig */;
			buildSettings = {
				ALWAYS_EMBED_SWIFT_STANDARD_LIBRARIES = YES;
				BUNDLE_LOADER = "$(TEST_HOST)";
				CODE_SIGN_STYLE = Automatic;
				DEVELOPMENT_TEAM = A2Z5235GGQ;
				INFOPLIST_FILE = DemoProjectTests/Info.plist;
				LD_RUNPATH_SEARCH_PATHS = (
					"$(inherited)",
					"@executable_path/Frameworks",
					"@loader_path/Frameworks",
				);
				PRODUCT_BUNDLE_IDENTIFIER = haider.DemoProjectTests;
				PRODUCT_NAME = "$(TARGET_NAME)";
				SWIFT_VERSION = 5.0;
				TARGETED_DEVICE_FAMILY = "1,2";
				TEST_HOST = "$(BUILT_PRODUCTS_DIR)/DemoProject.app/DemoProject";
			};
			name = Debug;
		};
		1CE67A6122F5798200ADE875 /* Release */ = {
			isa = XCBuildConfiguration;
			baseConfigurationReference = CA4DEC8C30798529990DC5D5 /* Pods-DemoProjectTests.release.xcconfig */;
			buildSettings = {
				ALWAYS_EMBED_SWIFT_STANDARD_LIBRARIES = YES;
				BUNDLE_LOADER = "$(TEST_HOST)";
				CODE_SIGN_STYLE = Automatic;
				DEVELOPMENT_TEAM = A2Z5235GGQ;
				INFOPLIST_FILE = DemoProjectTests/Info.plist;
				LD_RUNPATH_SEARCH_PATHS = (
					"$(inherited)",
					"@executable_path/Frameworks",
					"@loader_path/Frameworks",
				);
				PRODUCT_BUNDLE_IDENTIFIER = haider.DemoProjectTests;
				PRODUCT_NAME = "$(TARGET_NAME)";
				SWIFT_VERSION = 5.0;
				TARGETED_DEVICE_FAMILY = "1,2";
				TEST_HOST = "$(BUILT_PRODUCTS_DIR)/DemoProject.app/DemoProject";
			};
			name = Release;
		};
		1CE67A6322F5798200ADE875 /* Debug */ = {
			isa = XCBuildConfiguration;
			baseConfigurationReference = 03342B6A55444BED486F5FDF /* Pods-DemoProjectUITests.debug.xcconfig */;
			buildSettings = {
				ALWAYS_EMBED_SWIFT_STANDARD_LIBRARIES = YES;
				CODE_SIGN_STYLE = Automatic;
				DEVELOPMENT_TEAM = A2Z5235GGQ;
				INFOPLIST_FILE = DemoProjectUITests/Info.plist;
				LD_RUNPATH_SEARCH_PATHS = (
					"$(inherited)",
					"@executable_path/Frameworks",
					"@loader_path/Frameworks",
				);
				PRODUCT_BUNDLE_IDENTIFIER = haider.DemoProjectUITests;
				PRODUCT_NAME = "$(TARGET_NAME)";
				SWIFT_VERSION = 5.0;
				TARGETED_DEVICE_FAMILY = "1,2";
				TEST_TARGET_NAME = DemoProject;
			};
			name = Debug;
		};
		1CE67A6422F5798200ADE875 /* Release */ = {
			isa = XCBuildConfiguration;
			baseConfigurationReference = C7E0780A3B76C6CA3795C011 /* Pods-DemoProjectUITests.release.xcconfig */;
			buildSettings = {
				ALWAYS_EMBED_SWIFT_STANDARD_LIBRARIES = YES;
				CODE_SIGN_STYLE = Automatic;
				DEVELOPMENT_TEAM = A2Z5235GGQ;
				INFOPLIST_FILE = DemoProjectUITests/Info.plist;
				LD_RUNPATH_SEARCH_PATHS = (
					"$(inherited)",
					"@executable_path/Frameworks",
					"@loader_path/Frameworks",
				);
				PRODUCT_BUNDLE_IDENTIFIER = haider.DemoProjectUITests;
				PRODUCT_NAME = "$(TARGET_NAME)";
				SWIFT_VERSION = 5.0;
				TARGETED_DEVICE_FAMILY = "1,2";
				TEST_TARGET_NAME = DemoProject;
			};
			name = Release;
		};
/* End XCBuildConfiguration section */

/* Begin XCConfigurationList section */
		1CE67A2F22F5797F00ADE875 /* Build configuration list for PBXProject "DemoProject" */ = {
			isa = XCConfigurationList;
			buildConfigurations = (
				1CE67A5A22F5798200ADE875 /* Debug */,
				1CE67A5B22F5798200ADE875 /* Release */,
			);
			defaultConfigurationIsVisible = 0;
			defaultConfigurationName = Release;
		};
		1CE67A5C22F5798200ADE875 /* Build configuration list for PBXNativeTarget "DemoProject" */ = {
			isa = XCConfigurationList;
			buildConfigurations = (
				1CE67A5D22F5798200ADE875 /* Debug */,
				1CE67A5E22F5798200ADE875 /* Release */,
			);
			defaultConfigurationIsVisible = 0;
			defaultConfigurationName = Release;
		};
		1CE67A5F22F5798200ADE875 /* Build configuration list for PBXNativeTarget "DemoProjectTests" */ = {
			isa = XCConfigurationList;
			buildConfigurations = (
				1CE67A6022F5798200ADE875 /* Debug */,
				1CE67A6122F5798200ADE875 /* Release */,
			);
			defaultConfigurationIsVisible = 0;
			defaultConfigurationName = Release;
		};
		1CE67A6222F5798200ADE875 /* Build configuration list for PBXNativeTarget "DemoProjectUITests" */ = {
			isa = XCConfigurationList;
			buildConfigurations = (
				1CE67A6322F5798200ADE875 /* Debug */,
				1CE67A6422F5798200ADE875 /* Release */,
			);
			defaultConfigurationIsVisible = 0;
			defaultConfigurationName = Release;
		};
/* End XCConfigurationList section */
	};
	rootObject = 1CE67A2C22F5797F00ADE875 /* Project object */;
}
